
Microsoft Visual Studio Solution File, Format Version 12.00
# Visual Studio Version 17
VisualStudioVersion = 17.4.33205.214
MinimumVisualStudioVersion = 10.0.40219.1
Project("{FAE04EC0-301F-11D3-BF4B-00C04F79EFBC}") = "Zakuska_Scholar", "Zakuska_Scholar\Zakuska_Scholar.csproj", "{2C71CFEB-515D-4759-825A-EDC00DF5F9F7}"
EndProject
Global
	GlobalSection(SolutionConfigurationPlatforms) = preSolution
		Debug|Any CPU = Debug|Any CPU
		Release|Any CPU = Release|Any CPU
	EndGlobalSection
	GlobalSection(ProjectConfigurationPlatforms) = postSolution
		{2C71CFEB-515D-4759-825A-EDC00DF5F9F7}.Debug|Any CPU.ActiveCfg = Debug|Any CPU
		{2C71CFEB-515D-4759-825A-EDC00DF5F9F7}.Debug|Any CPU.Build.0 = Debug|Any CPU
		{2C71CFEB-515D-4759-825A-EDC00DF5F9F7}.Release|Any CPU.ActiveCfg = Release|Any CPU
		{2C71CFEB-515D-4759-825A-EDC00DF5F9F7}.Release|Any CPU.Build.0 = Release|Any CPU
	EndGlobalSection
	GlobalSection(SolutionProperties) = preSolution
		HideSolutionNode = FALSE
	EndGlobalSection
	GlobalSection(ExtensibilityGlobals) = postSolution
		SolutionGuid = {C4809189-360B-4DD3-94A7-52F1A34D5EC8}
	EndGlobalSection
EndGlobal
